
Microsoft Visual Studio Solution File, Format Version 12.00
# Visual Studio Version 16
VisualStudioVersion = 16.0.30204.135
MinimumVisualStudioVersion = 10.0.40219.1
Project("{FAE04EC0-301F-11D3-BF4B-00C04F79EFBC}") = "Bilgi_Yarismasi", "Bilgi_Yarismasi.csproj", "{7CD3F663-D509-475B-87D5-1451304C36E1}"
EndProject
Global
	GlobalSection(SolutionConfigurationPlatforms) = preSolution
		Debug|Any CPU = Debug|Any CPU
		Release|Any CPU = Release|Any CPU
	EndGlobalSection
	GlobalSection(ProjectConfigurationPlatforms) = postSolution
		{7CD3F663-D509-475B-87D5-1451304C36E1}.Debug|Any CPU.ActiveCfg = Debug|Any CPU
		{7CD3F663-D509-475B-87D5-1451304C36E1}.Debug|Any CPU.Build.0 = Debug|Any CPU
		{7CD3F663-D509-475B-87D5-1451304C36E1}.Release|Any CPU.ActiveCfg = Release|Any CPU
		{7CD3F663-D509-475B-87D5-1451304C36E1}.Release|Any CPU.Build.0 = Release|Any CPU
	EndGlobalSection
	GlobalSection(SolutionProperties) = preSolution
		HideSolutionNode = FALSE
	EndGlobalSection
	GlobalSection(ExtensibilityGlobals) = postSolution
		SolutionGuid = {09A47AAD-55BA-4960-8E5F-FB0D8A9FC1F9}
	EndGlobalSection
EndGlobal
